
Microsoft Visual Studio Solution File, Format Version 12.00
# Visual Studio Version 16
VisualStudioVersion = 16.0.31624.102
MinimumVisualStudioVersion = 10.0.40219.1
Project("{F184B08F-C81C-45F6-A57F-5ABD9991F28F}") = "pwc", "pwc\pwc.vbproj", "{5E449B1A-387F-48BA-BEA7-55DF5444B7D6}"
EndProject
Global
	GlobalSection(SolutionConfigurationPlatforms) = preSolution
		Debug|Any CPU = Debug|Any CPU
		Release|Any CPU = Release|Any CPU
	EndGlobalSection
	GlobalSection(ProjectConfigurationPlatforms) = postSolution
		{5E449B1A-387F-48BA-BEA7-55DF5444B7D6}.Debug|Any CPU.ActiveCfg = Debug|Any CPU
		{5E449B1A-387F-48BA-BEA7-55DF5444B7D6}.Debug|Any CPU.Build.0 = Debug|Any CPU
		{5E449B1A-387F-48BA-BEA7-55DF5444B7D6}.Release|Any CPU.ActiveCfg = Release|Any CPU
		{5E449B1A-387F-48BA-BEA7-55DF5444B7D6}.Release|Any CPU.Build.0 = Release|Any CPU
	EndGlobalSection
	GlobalSection(SolutionProperties) = preSolution
		HideSolutionNode = FALSE
	EndGlobalSection
	GlobalSection(ExtensibilityGlobals) = postSolution
		SolutionGuid = {998C09B3-CA57-4CED-A25C-FDA17C8C93CF}
	EndGlobalSection
EndGlobal
